
Microsoft Visual Studio Solution File, Format Version 12.00
# Visual Studio Version 16
VisualStudioVersion = 16.0.808.3
MinimumVisualStudioVersion = 10.0.40219.1
Project("{FAE04EC0-301F-11D3-BF4B-00C04F79EFBC}") = "CodeVeda", "CodeVeda\CodeVeda.csproj", "{1D986A95-8A9A-458A-8092-AC553D92120B}"
EndProject
Project("{FAE04EC0-301F-11D3-BF4B-00C04F79EFBC}") = "CodeVeda.Services", "CodeVeda.Services\CodeVeda.Services.csproj", "{40E6ED2F-7CAC-471A-82E8-87DEE3E195BB}"
EndProject
Project("{FAE04EC0-301F-11D3-BF4B-00C04F79EFBC}") = "CodeVeda.Interfaces", "CodeVeda.Interfaces\CodeVeda.Interfaces.csproj", "{A3CD132A-6856-4774-8E41-48F945B163A2}"
EndProject
Project("{FAE04EC0-301F-11D3-BF4B-00C04F79EFBC}") = "CodeVeda.BusinessObjects", "CodeVeda.BusinessObjects\CodeVeda.BusinessObjects.csproj", "{E031614B-B9CD-4E72-B608-141656EF895A}"
EndProject
Project("{FAE04EC0-301F-11D3-BF4B-00C04F79EFBC}") = "CodeVeda.Utilities", "CodeVeda.Utilities\CodeVeda.Utilities.csproj", "{4C87A9F8-3F0D-46FD-A69F-F9BE0EFBED29}"
EndProject
Global
	GlobalSection(SolutionConfigurationPlatforms) = preSolution
		Debug|Any CPU = Debug|Any CPU
		Release|Any CPU = Release|Any CPU
	EndGlobalSection
	GlobalSection(ProjectConfigurationPlatforms) = postSolution
		{1D986A95-8A9A-458A-8092-AC553D92120B}.Debug|Any CPU.ActiveCfg = Debug|Any CPU
		{1D986A95-8A9A-458A-8092-AC553D92120B}.Debug|Any CPU.Build.0 = Debug|Any CPU
		{1D986A95-8A9A-458A-8092-AC553D92120B}.Release|Any CPU.ActiveCfg = Release|Any CPU
		{1D986A95-8A9A-458A-8092-AC553D92120B}.Release|Any CPU.Build.0 = Release|Any CPU
		{40E6ED2F-7CAC-471A-82E8-87DEE3E195BB}.Debug|Any CPU.ActiveCfg = Debug|Any CPU
		{40E6ED2F-7CAC-471A-82E8-87DEE3E195BB}.Debug|Any CPU.Build.0 = Debug|Any CPU
		{40E6ED2F-7CAC-471A-82E8-87DEE3E195BB}.Release|Any CPU.ActiveCfg = Release|Any CPU
		{40E6ED2F-7CAC-471A-82E8-87DEE3E195BB}.Release|Any CPU.Build.0 = Release|Any CPU
		{A3CD132A-6856-4774-8E41-48F945B163A2}.Debug|Any CPU.ActiveCfg = Debug|Any CPU
		{A3CD132A-6856-4774-8E41-48F945B163A2}.Debug|Any CPU.Build.0 = Debug|Any CPU
		{A3CD132A-6856-4774-8E41-48F945B163A2}.Release|Any CPU.ActiveCfg = Release|Any CPU
		{A3CD132A-6856-4774-8E41-48F945B163A2}.Release|Any CPU.Build.0 = Release|Any CPU
		{E031614B-B9CD-4E72-B608-141656EF895A}.Debug|Any CPU.ActiveCfg = Debug|Any CPU
		{E031614B-B9CD-4E72-B608-141656EF895A}.Debug|Any CPU.Build.0 = Debug|Any CPU
		{E031614B-B9CD-4E72-B608-141656EF895A}.Release|Any CPU.ActiveCfg = Release|Any CPU
		{E031614B-B9CD-4E72-B608-141656EF895A}.Release|Any CPU.Build.0 = Release|Any CPU
		{4C87A9F8-3F0D-46FD-A69F-F9BE0EFBED29}.Debug|Any CPU.ActiveCfg = Debug|Any CPU
		{4C87A9F8-3F0D-46FD-A69F-F9BE0EFBED29}.Debug|Any CPU.Build.0 = Debug|Any CPU
		{4C87A9F8-3F0D-46FD-A69F-F9BE0EFBED29}.Release|Any CPU.ActiveCfg = Release|Any CPU
		{4C87A9F8-3F0D-46FD-A69F-F9BE0EFBED29}.Release|Any CPU.Build.0 = Release|Any CPU
	EndGlobalSection
	GlobalSection(SolutionProperties) = preSolution
		HideSolutionNode = FALSE
	EndGlobalSection
	GlobalSection(ExtensibilityGlobals) = postSolution
		SolutionGuid = {38F56786-88C1-4A51-BF89-6A871F590ED5}
	EndGlobalSection
EndGlobal
